SITE
  remote: http://community.opscode.com/api/v1
  specs:
    apache2 (1.8.4)
    apt (2.3.0)
    build-essential (1.4.2)
    chef_handler (1.1.4)
    composer (0.0.5)
      php (>= 0.0.0)
    dmg (2.0.8)
    git (2.7.0)
      build-essential (>= 0.0.0)
      dmg (>= 0.0.0)
      runit (>= 1.0.0)
      windows (>= 0.0.0)
      yum (>= 0.0.0)
    mysql (4.0.6)
      build-essential (~> 1.4)
      openssl (~> 1.1)
    openssl (1.1.0)
    php (1.2.6)
      build-essential (>= 0.0.0)
      mysql (>= 0.0.0)
      xml (>= 0.0.0)
    runit (1.4.0)
      build-essential (>= 0.0.0)
      yum (>= 0.0.0)
    windows (1.11.0)
      chef_handler (>= 0.0.0)
    xml (1.2.0)
      build-essential (>= 0.0.0)
    yum (2.4.2)

DEPENDENCIES
  apache2 (>= 0)
  apt (>= 0)
  composer (>= 0)
  git (>= 0)
  php (>= 0)

